
Microsoft Visual Studio Solution File, Format Version 12.00
Project("{FAE04EC0-301F-11D3-BF4B-00C04F79EFBC}") = "hey_my_rest", "hey_my_rest\hey_my_rest.csproj", "{7503FA61-4B63-48AA-A272-3BEE02495D01}"
EndProject
Global
	GlobalSection(SolutionConfigurationPlatforms) = preSolution
		Debug|Any CPU = Debug|Any CPU
		Release|Any CPU = Release|Any CPU
	EndGlobalSection
	GlobalSection(ProjectConfigurationPlatforms) = postSolution
		{7503FA61-4B63-48AA-A272-3BEE02495D01}.Debug|Any CPU.ActiveCfg = Debug|Any CPU
		{7503FA61-4B63-48AA-A272-3BEE02495D01}.Debug|Any CPU.Build.0 = Debug|Any CPU
		{7503FA61-4B63-48AA-A272-3BEE02495D01}.Release|Any CPU.ActiveCfg = Release|Any CPU
		{7503FA61-4B63-48AA-A272-3BEE02495D01}.Release|Any CPU.Build.0 = Release|Any CPU
	EndGlobalSection
EndGlobal
